
Microsoft Visual Studio Solution File, Format Version 12.00
# Visual Studio Version 17
VisualStudioVersion = 17.5.33424.131
MinimumVisualStudioVersion = 10.0.40219.1
Project("{9A19103F-16F7-4668-BE54-9A1E7A4F7556}") = "Knev.CV", "Knev.CV\Knev.CV.csproj", "{3A40A2B2-0431-47CE-BDE2-74F0CB552E68}"
EndProject
Global
	GlobalSection(SolutionConfigurationPlatforms) = preSolution
		Debug|Any CPU = Debug|Any CPU
		Release|Any CPU = Release|Any CPU
	EndGlobalSection
	GlobalSection(ProjectConfigurationPlatforms) = postSolution
		{3A40A2B2-0431-47CE-BDE2-74F0CB552E68}.Debug|Any CPU.ActiveCfg = Debug|Any CPU
		{3A40A2B2-0431-47CE-BDE2-74F0CB552E68}.Debug|Any CPU.Build.0 = Debug|Any CPU
		{3A40A2B2-0431-47CE-BDE2-74F0CB552E68}.Release|Any CPU.ActiveCfg = Release|Any CPU
		{3A40A2B2-0431-47CE-BDE2-74F0CB552E68}.Release|Any CPU.Build.0 = Release|Any CPU
	EndGlobalSection
	GlobalSection(SolutionProperties) = preSolution
		HideSolutionNode = FALSE
	EndGlobalSection
	GlobalSection(ExtensibilityGlobals) = postSolution
		SolutionGuid = {E95C75F9-1550-454E-B419-5974EBB50FF7}
	EndGlobalSection
EndGlobal
